// !$*UTF8*$!
{
	archiveVersion = 1;
	classes = {
	};
	objectVersion = 46;
	objects = {

/* Begin PBXBuildFile section */
		1498D2341E8E89220040F4C2 /* GeneratedPluginRegistrant.m in Sources */ = {isa = PBXBuildFile; fileRef = 1498D2331E8E89220040F4C2 /* GeneratedPluginRegistrant.m */; };
		3B3967161E833CAA004F5970 /* AppFrameworkInfo.plist in Resources */ = {isa = PBXBuildFile; fileRef = 3B3967151E833CAA004F5970 /* AppFrameworkInfo.plist */; };
		97C146FC1CF9000F007C117D /* Main.storyboard in Resources */ = {isa = PBXBuildFile; fileRef = 97C146FA1CF9000F007C117D /* Main.storyboard */; };
		97C146FE1CF9000F007C117D /* Assets.xcassets in Resources */ = {isa = PBXBuildFile; fileRef = 97C146FD1CF9000F007C117D /* Assets.xcassets */; };
		97C147011CF9000F007C117D /* LaunchScreen.storyboard in Resources */ = {isa = PBXBuildFile; fileRef = 97C146FF1CF9000F007C117D /* LaunchScreen.storyboard */; };
		AE5496CB2477DC320057ACDE /* Photos.framework in Frameworks */ = {isa = PBXBuildFile; fileRef = AE5496CA2477DC320057ACDE /* Photos.framework */; };
		AE7311502302BB77001AB5F6 /* Yondor.mm in Sources */ = {isa = PBXBuildFile; fileRef = AE73114F2302BB77001AB5F6 /* Yondor.mm */; };
		AE7A1E312318FF1300B76925 /* SplashView.swift in Sources */ = {isa = PBXBuildFile; fileRef = AE7A1E302318FF1200B76925 /* SplashView.swift */; };
		AE7A1E332319066500B76925 /* SplashViewFactory.swift in Sources */ = {isa = PBXBuildFile; fileRef = AE7A1E322319066400B76925 /* SplashViewFactory.swift */; };
		AEC4092D23B1EF88000F8FDC /* CameraMic.m in Sources */ = {isa = PBXBuildFile; fileRef = AEC4092323B1EF87000F8FDC /* CameraMic.m */; };
		AEC4092E23B1EF88000F8FDC /* CustomGallery.m in Sources */ = {isa = PBXBuildFile; fileRef = AEC4092423B1EF88000F8FDC /* CustomGallery.m */; };
		AEC4092F23B1EF88000F8FDC /* CameraPlugin.m in Sources */ = {isa = PBXBuildFile; fileRef = AEC4092523B1EF88000F8FDC /* CameraPlugin.m */; };
		AEC4093023B1EF88000F8FDC /* BJImageCropper.m in Sources */ = {isa = PBXBuildFile; fileRef = AEC4092923B1EF88000F8FDC /* BJImageCropper.m */; };
		AEC4093123B1EF88000F8FDC /* CustomCamera.m in Sources */ = {isa = PBXBuildFile; fileRef = AEC4092C23B1EF88000F8FDC /* CustomCamera.m */; };
		AEC4097B23B2EBC5000F8FDC /* PEPhotoCropEditor.bundle in Resources */ = {isa = PBXBuildFile; fileRef = AEC4097023B2EBC4000F8FDC /* PEPhotoCropEditor.bundle */; };
		AEC4097C23B2EBC5000F8FDC /* bd_ocr_light_on.png in Resources */ = {isa = PBXBuildFile; fileRef = AEC4097123B2EBC4000F8FDC /* bd_ocr_light_on.png */; };
		AEC4097D23B2EBC5000F8FDC /* bd_ocr_close1.png in Resources */ = {isa = PBXBuildFile; fileRef = AEC4097223B2EBC4000F8FDC /* bd_ocr_close1.png */; };
		AEC4097E23B2EBC5000F8FDC /* bd_ocr_close.png in Resources */ = {isa = PBXBuildFile; fileRef = AEC4097323B2EBC4000F8FDC /* bd_ocr_close.png */; };
		AEC4097F23B2EBC5000F8FDC /* test.mp4 in Resources */ = {isa = PBXBuildFile; fileRef = AEC4097423B2EBC5000F8FDC /* test.mp4 */; };
		AEC4098023B2EBC5000F8FDC /* photo_demonstration_icon.png in Resources */ = {isa = PBXBuildFile; fileRef = AEC4097523B2EBC5000F8FDC /* photo_demonstration_icon.png */; };
		AEC4098123B2EBC5000F8FDC /* gallery_hdpi.png in Resources */ = {isa = PBXBuildFile; fileRef = AEC4097623B2EBC5000F8FDC /* gallery_hdpi.png */; };
		AEC4098223B2EBC5000F8FDC /* gallery_xhdpi.png in Resources */ = {isa = PBXBuildFile; fileRef = AEC4097723B2EBC5000F8FDC /* gallery_xhdpi.png */; };
		AEC4098323B2EBC5000F8FDC /* bd_ocr_gallery1.png in Resources */ = {isa = PBXBuildFile; fileRef = AEC4097823B2EBC5000F8FDC /* bd_ocr_gallery1.png */; };
		AEC4098423B2EBC5000F8FDC /* gallery_xxhdpi.png in Resources */ = {isa = PBXBuildFile; fileRef = AEC4097923B2EBC5000F8FDC /* gallery_xxhdpi.png */; };
		AEC4098523B2EBC5000F8FDC /* bd_ocr_light_off.png in Resources */ = {isa = PBXBuildFile; fileRef = AEC4097A23B2EBC5000F8FDC /* bd_ocr_light_off.png */; };
		AED481F122F819BD005E93AB /* AdSupport.framework in Frameworks */ = {isa = PBXBuildFile; fileRef = AED481F022F819BD005E93AB /* AdSupport.framework */; };
		AED481F322F819C6005E93AB /* CoreLocation.framework in Frameworks */ = {isa = PBXBuildFile; fileRef = AED481F222F819C6005E93AB /* CoreLocation.framework */; };
		AED481F522F819CE005E93AB /* QuartzCore.framework in Frameworks */ = {isa = PBXBuildFile; fileRef = AED481F422F819CE005E93AB /* QuartzCore.framework */; };
		AED481F722F819D6005E93AB /* SystemConfiguration.framework in Frameworks */ = {isa = PBXBuildFile; fileRef = AED481F622F819D6005E93AB /* SystemConfiguration.framework */; };
		AED481F922F819DD005E93AB /* libz.tbd in Frameworks */ = {isa = PBXBuildFile; fileRef = AED481F822F819DD005E93AB /* libz.tbd */; };
		AED481FB22F819E4005E93AB /* Security.framework in Frameworks */ = {isa = PBXBuildFile; fileRef = AED481FA22F819E4005E93AB /* Security.framework */; };
		AED481FF22F819F2005E93AB /* libxml2.tbd in Frameworks */ = {isa = PBXBuildFile; fileRef = AED481FE22F819F1005E93AB /* libxml2.tbd */; };
		AED4820122F819F7005E93AB /* AVFoundation.framework in Frameworks */ = {isa = PBXBuildFile; fileRef = AED4820022F819F7005E93AB /* AVFoundation.framework */; };
		AED4820322F819FE005E93AB /* WebKit.framework in Frameworks */ = {isa = PBXBuildFile; fileRef = AED4820222F819FE005E93AB /* WebKit.framework */; };
		AED4820522F825BD005E93AB /* BannerPlugin.swift in Sources */ = {isa = PBXBuildFile; fileRef = AED4820422F825BD005E93AB /* BannerPlugin.swift */; };
		AED4820822F82622005E93AB /* BannerViewFactory.swift in Sources */ = {isa = PBXBuildFile; fileRef = AED4820722F82622005E93AB /* BannerViewFactory.swift */; };
		AED4820A22F8264B005E93AB /* Banner.swift in Sources */ = {isa = PBXBuildFile; fileRef = AED4820922F8264B005E93AB /* Banner.swift */; };
		AED4826022F82BDF005E93AB /* libGDTMobSDK.a in Frameworks */ = {isa = PBXBuildFile; fileRef = AED4825F22F82BDE005E93AB /* libGDTMobSDK.a */; };
		AED4826822FA7ED3005E93AB /* AppDelegate.swift in Sources */ = {isa = PBXBuildFile; fileRef = AED4826722FA7ED3005E93AB /* AppDelegate.swift */; };
		AEF43F2B22EEA37400765808 /* PathObject.mm in Sources */ = {isa = PBXBuildFile; fileRef = AEF43F2522EEA37300765808 /* PathObject.mm */; };
		AEF43F2C22EEA37400765808 /* ImageData.mm in Sources */ = {isa = PBXBuildFile; fileRef = AEF43F2722EEA37400765808 /* ImageData.mm */; };
		AEF43F2D22EEA37400765808 /* Mnist.mm in Sources */ = {isa = PBXBuildFile; fileRef = AEF43F2922EEA37400765808 /* Mnist.mm */; };
		B49C639924DCEBDF0037462B /* StoreKit.framework in Frameworks */ = {isa = PBXBuildFile; fileRef = B49C639824DCEBDF0037462B /* StoreKit.framework */; };
		B4F3092325426994006D3797 /* SimplePingChannel.swift in Sources */ = {isa = PBXBuildFile; fileRef = B4F3092025426994006D3797 /* SimplePingChannel.swift */; };
		B4F3092B254278E5006D3797 /* MySimplePing.m in Sources */ = {isa = PBXBuildFile; fileRef = B4F3092A254278E5006D3797 /* MySimplePing.m */; };
		D5AC550C610483AA74C2FC9A /* Pods_Runner.framework in Frameworks */ = {isa = PBXBuildFile; fileRef = 703282FEB9B72281A2657B4F /* Pods_Runner.framework */; };
/* End PBXBuildFile section */

/* Begin PBXCopyFilesBuildPhase section */
		9705A1C41CF9048500538489 /* Embed Frameworks */ = {
			isa = PBXCopyFilesBuildPhase;
			buildActionMask = 2147483647;
			dstPath = "";
			dstSubfolderSpec = 10;
			files = (
			);
			name = "Embed Frameworks";
			runOnlyForDeploymentPostprocessing = 0;
		};
/* End PBXCopyFilesBuildPhase section */

/* Begin PBXFileReference section */
		1498D2321E8E86230040F4C2 /* GeneratedPluginRegistrant.h */ = {isa = PBXFileReference; lastKnownFileType = sourcecode.c.h; path = GeneratedPluginRegistrant.h; sourceTree = "<group>"; };
		1498D2331E8E89220040F4C2 /* GeneratedPluginRegistrant.m */ = {isa = PBXFileReference; fileEncoding = 4; lastKnownFileType = sourcecode.c.objc; path = GeneratedPluginRegistrant.m; sourceTree = "<group>"; };
		182B48D6CFADA2DC8AF42C3B /* Pods-Runner.profile.xcconfig */ = {isa = PBXFileReference; includeInIndex = 1; lastKnownFileType = text.xcconfig; name = "Pods-Runner.profile.xcconfig"; path = "Target Support Files/Pods-Runner/Pods-Runner.profile.xcconfig"; sourceTree = "<group>"; };
		3B3967151E833CAA004F5970 /* AppFrameworkInfo.plist */ = {isa = PBXFileReference; fileEncoding = 4; lastKnownFileType = text.plist.xml; name = AppFrameworkInfo.plist; path = Flutter/AppFrameworkInfo.plist; sourceTree = "<group>"; };
		703282FEB9B72281A2657B4F /* Pods_Runner.framework */ = {isa = PBXFileReference; explicitFileType = wrapper.framework; includeInIndex = 0; path = Pods_Runner.framework; sourceTree = BUILT_PRODUCTS_DIR; };
		7AFA3C8E1D35360C0083082E /* Release.xcconfig */ = {isa = PBXFileReference; lastKnownFileType = text.xcconfig; name = Release.xcconfig; path = Flutter/Release.xcconfig; sourceTree = "<group>"; };
		9740EEB21CF90195004384FC /* Debug.xcconfig */ = {isa = PBXFileReference; fileEncoding = 4; lastKnownFileType = text.xcconfig; name = Debug.xcconfig; path = Flutter/Debug.xcconfig; sourceTree = "<group>"; };
		9740EEB31CF90195004384FC /* Generated.xcconfig */ = {isa = PBXFileReference; fileEncoding = 4; lastKnownFileType = text.xcconfig; name = Generated.xcconfig; path = Flutter/Generated.xcconfig; sourceTree = "<group>"; };
		97C146EE1CF9000F007C117D /* Runner.app */ = {isa = PBXFileReference; explicitFileType = wrapper.application; includeInIndex = 0; path = Runner.app; sourceTree = BUILT_PRODUCTS_DIR; };
		97C146FB1CF9000F007C117D /* Base */ = {isa = PBXFileReference; lastKnownFileType = file.storyboard; name = Base; path = Base.lproj/Main.storyboard; sourceTree = "<group>"; };
		97C146FD1CF9000F007C117D /* Assets.xcassets */ = {isa = PBXFileReference; lastKnownFileType = folder.assetcatalog; path = Assets.xcassets; sourceTree = "<group>"; };
		97C147001CF9000F007C117D /* Base */ = {isa = PBXFileReference; lastKnownFileType = file.storyboard; name = Base; path = Base.lproj/LaunchScreen.storyboard; sourceTree = "<group>"; };
		97C147021CF9000F007C117D /* Info.plist */ = {isa = PBXFileReference; lastKnownFileType = text.plist.xml; path = Info.plist; sourceTree = "<group>"; };
		A7EE431142770A20AA31BCD9 /* Pods-Runner.debug.xcconfig */ = {isa = PBXFileReference; includeInIndex = 1; lastKnownFileType = text.xcconfig; name = "Pods-Runner.debug.xcconfig"; path = "Target Support Files/Pods-Runner/Pods-Runner.debug.xcconfig"; sourceTree = "<group>"; };
		AE5496CA2477DC320057ACDE /* Photos.framework */ = {isa = PBXFileReference; lastKnownFileType = wrapper.framework; name = Photos.framework; path = System/Library/Frameworks/Photos.framework; sourceTree = SDKROOT; };
		AE73114E2302BB76001AB5F6 /* Yondor.h */ = {isa = PBXFileReference; fileEncoding = 4; lastKnownFileType = sourcecode.c.h; path = Yondor.h; sourceTree = "<group>"; };
		AE73114F2302BB77001AB5F6 /* Yondor.mm */ = {isa = PBXFileReference; fileEncoding = 4; lastKnownFileType = sourcecode.cpp.objcpp; path = Yondor.mm; sourceTree = "<group>"; };
		AE7A1E302318FF1200B76925 /* SplashView.swift */ = {isa = PBXFileReference; fileEncoding = 4; lastKnownFileType = sourcecode.swift; path = SplashView.swift; sourceTree = "<group>"; };
		AE7A1E322319066400B76925 /* SplashViewFactory.swift */ = {isa = PBXFileReference; fileEncoding = 4; lastKnownFileType = sourcecode.swift; path = SplashViewFactory.swift; sourceTree = "<group>"; };
		AEC4092223B1EF87000F8FDC /* CustomGallery.h */ = {isa = PBXFileReference; fileEncoding = 4; lastKnownFileType = sourcecode.c.h; name = CustomGallery.h; path = camera/CustomGallery.h; sourceTree = "<group>"; };
		AEC4092323B1EF87000F8FDC /* CameraMic.m */ = {isa = PBXFileReference; fileEncoding = 4; lastKnownFileType = sourcecode.c.objc; name = CameraMic.m; path = camera/CameraMic.m; sourceTree = "<group>"; };
		AEC4092423B1EF88000F8FDC /* CustomGallery.m */ = {isa = PBXFileReference; fileEncoding = 4; lastKnownFileType = sourcecode.c.objc; name = CustomGallery.m; path = camera/CustomGallery.m; sourceTree = "<group>"; };
		AEC4092523B1EF88000F8FDC /* CameraPlugin.m */ = {isa = PBXFileReference; fileEncoding = 4; lastKnownFileType = sourcecode.c.objc; name = CameraPlugin.m; path = camera/CameraPlugin.m; sourceTree = "<group>"; };
		AEC4092623B1EF88000F8FDC /* CameraPlugin.h */ = {isa = PBXFileReference; fileEncoding = 4; lastKnownFileType = sourcecode.c.h; name = CameraPlugin.h; path = camera/CameraPlugin.h; sourceTree = "<group>"; };
		AEC4092723B1EF88000F8FDC /* CameraMic.h */ = {isa = PBXFileReference; fileEncoding = 4; lastKnownFileType = sourcecode.c.h; name = CameraMic.h; path = camera/CameraMic.h; sourceTree = "<group>"; };
		AEC4092823B1EF88000F8FDC /* Call.h */ = {isa = PBXFileReference; fileEncoding = 4; lastKnownFileType = sourcecode.c.h; name = Call.h; path = camera/Call.h; sourceTree = "<group>"; };
		AEC4092923B1EF88000F8FDC /* BJImageCropper.m */ = {isa = PBXFileReference; fileEncoding = 4; lastKnownFileType = sourcecode.c.objc; name = BJImageCropper.m; path = camera/BJImageCropper.m; sourceTree = "<group>"; };
		AEC4092A23B1EF88000F8FDC /* BJImageCropper.h */ = {isa = PBXFileReference; fileEncoding = 4; lastKnownFileType = sourcecode.c.h; name = BJImageCropper.h; path = camera/BJImageCropper.h; sourceTree = "<group>"; };
		AEC4092B23B1EF88000F8FDC /* CustomCamera.h */ = {isa = PBXFileReference; fileEncoding = 4; lastKnownFileType = sourcecode.c.h; name = CustomCamera.h; path = camera/CustomCamera.h; sourceTree = "<group>"; };
		AEC4092C23B1EF88000F8FDC /* CustomCamera.m */ = {isa = PBXFileReference; fileEncoding = 4; lastKnownFileType = sourcecode.c.objc; name = CustomCamera.m; path = camera/CustomCamera.m; sourceTree = "<group>"; };
		AEC4097023B2EBC4000F8FDC /* PEPhotoCropEditor.bundle */ = {isa = PBXFileReference; lastKnownFileType = "wrapper.plug-in"; name = PEPhotoCropEditor.bundle; path = Resources/PEPhotoCropEditor.bundle; sourceTree = "<group>"; };
		AEC4097123B2EBC4000F8FDC /* bd_ocr_light_on.png */ = {isa = PBXFileReference; lastKnownFileType = image.png; name = bd_ocr_light_on.png; path = Resources/bd_ocr_light_on.png; sourceTree = "<group>"; };
		AEC4097223B2EBC4000F8FDC /* bd_ocr_close1.png */ = {isa = PBXFileReference; lastKnownFileType = image.png; name = bd_ocr_close1.png; path = Resources/bd_ocr_close1.png; sourceTree = "<group>"; };
		AEC4097323B2EBC4000F8FDC /* bd_ocr_close.png */ = {isa = PBXFileReference; lastKnownFileType = image.png; name = bd_ocr_close.png; path = Resources/bd_ocr_close.png; sourceTree = "<group>"; };
		AEC4097423B2EBC5000F8FDC /* test.mp4 */ = {isa = PBXFileReference; lastKnownFileType = file; name = test.mp4; path = Resources/test.mp4; sourceTree = "<group>"; };
		AEC4097523B2EBC5000F8FDC /* photo_demonstration_icon.png */ = {isa = PBXFileReference; lastKnownFileType = image.png; name = photo_demonstration_icon.png; path = Resources/photo_demonstration_icon.png; sourceTree = "<group>"; };
		AEC4097623B2EBC5000F8FDC /* gallery_hdpi.png */ = {isa = PBXFileReference; lastKnownFileType = image.png; name = gallery_hdpi.png; path = Resources/gallery_hdpi.png; sourceTree = "<group>"; };
		AEC4097723B2EBC5000F8FDC /* gallery_xhdpi.png */ = {isa = PBXFileReference; lastKnownFileType = image.png; name = gallery_xhdpi.png; path = Resources/gallery_xhdpi.png; sourceTree = "<group>"; };
		AEC4097823B2EBC5000F8FDC /* bd_ocr_gallery1.png */ = {isa = PBXFileReference; lastKnownFileType = image.png; name = bd_ocr_gallery1.png; path = Resources/bd_ocr_gallery1.png; sourceTree = "<group>"; };
		AEC4097923B2EBC5000F8FDC /* gallery_xxhdpi.png */ = {isa = PBXFileReference; lastKnownFileType = image.png; name = gallery_xxhdpi.png; path = Resources/gallery_xxhdpi.png; sourceTree = "<group>"; };
		AEC4097A23B2EBC5000F8FDC /* bd_ocr_light_off.png */ = {isa = PBXFileReference; lastKnownFileType = image.png; name = bd_ocr_light_off.png; path = Resources/bd_ocr_light_off.png; sourceTree = "<group>"; };
		AEC4E3EF249C52F4000241F9 /* RunnerDebug.entitlements */ = {isa = PBXFileReference; lastKnownFileType = text.plist.entitlements; path = RunnerDebug.entitlements; sourceTree = "<group>"; };
		AEC4E405249CD81F000241F9 /* Runner.entitlements */ = {isa = PBXFileReference; lastKnownFileType = text.plist.entitlements; path = Runner.entitlements; sourceTree = "<group>"; };
		AED481EE22F8194E005E93AB /* libGDTMobSDK.a */ = {isa = PBXFileReference; lastKnownFileType = archive.ar; name = libGDTMobSDK.a; path = lib/libGDTMobSDK.a; sourceTree = "<group>"; };
		AED481F022F819BD005E93AB /* AdSupport.framework */ = {isa = PBXFileReference; lastKnownFileType = wrapper.framework; name = AdSupport.framework; path = System/Library/Frameworks/AdSupport.framework; sourceTree = SDKROOT; };
		AED481F222F819C6005E93AB /* CoreLocation.framework */ = {isa = PBXFileReference; lastKnownFileType = wrapper.framework; name = CoreLocation.framework; path = System/Library/Frameworks/CoreLocation.framework; sourceTree = SDKROOT; };
		AED481F422F819CE005E93AB /* QuartzCore.framework */ = {isa = PBXFileReference; lastKnownFileType = wrapper.framework; name = QuartzCore.framework; path = System/Library/Frameworks/QuartzCore.framework; sourceTree = SDKROOT; };
		AED481F622F819D6005E93AB /* SystemConfiguration.framework */ = {isa = PBXFileReference; lastKnownFileType = wrapper.framework; name = SystemConfiguration.framework; path = System/Library/Frameworks/SystemConfiguration.framework; sourceTree = SDKROOT; };
		AED481F822F819DD005E93AB /* libz.tbd */ = {isa = PBXFileReference; lastKnownFileType = "sourcecode.text-based-dylib-definition"; name = libz.tbd; path = usr/lib/libz.tbd; sourceTree = SDKROOT; };
		AED481FA22F819E4005E93AB /* Security.framework */ = {isa = PBXFileReference; lastKnownFileType = wrapper.framework; name = Security.framework; path = System/Library/Frameworks/Security.framework; sourceTree = SDKROOT; };
		AED481FE22F819F1005E93AB /* libxml2.tbd */ = {isa = PBXFileReference; lastKnownFileType = "sourcecode.text-based-dylib-definition"; name = libxml2.tbd; path = usr/lib/libxml2.tbd; sourceTree = SDKROOT; };
		AED4820022F819F7005E93AB /* AVFoundation.framework */ = {isa = PBXFileReference; lastKnownFileType = wrapper.framework; name = AVFoundation.framework; path = System/Library/Frameworks/AVFoundation.framework; sourceTree = SDKROOT; };
		AED4820222F819FE005E93AB /* WebKit.framework */ = {isa = PBXFileReference; lastKnownFileType = wrapper.framework; name = WebKit.framework; path = System/Library/Frameworks/WebKit.framework; sourceTree = SDKROOT; };
		AED4820422F825BD005E93AB /* BannerPlugin.swift */ = {isa = PBXFileReference; lastKnownFileType = sourcecode.swift; path = BannerPlugin.swift; sourceTree = "<group>"; };
		AED4820622F825F3005E93AB /* Runner-Bridging-Header.h */ = {isa = PBXFileReference; lastKnownFileType = sourcecode.c.h; path = "Runner-Bridging-Header.h"; sourceTree = "<group>"; };
		AED4820722F82622005E93AB /* BannerViewFactory.swift */ = {isa = PBXFileReference; lastKnownFileType = sourcecode.swift; path = BannerViewFactory.swift; sourceTree = "<group>"; };
		AED4820922F8264B005E93AB /* Banner.swift */ = {isa = PBXFileReference; lastKnownFileType = sourcecode.swift; path = Banner.swift; sourceTree = "<group>"; };
		AED4824D22F82BDE005E93AB /* GDTHybridAd.h */ = {isa = PBXFileReference; fileEncoding = 4; lastKnownFileType = sourcecode.c.h; path = GDTHybridAd.h; sourceTree = "<group>"; };
		AED4824E22F82BDE005E93AB /* GDTLogoView.h */ = {isa = PBXFileReference; fileEncoding = 4; lastKnownFileType = sourcecode.c.h; path = GDTLogoView.h; sourceTree = "<group>"; };
		AED4824F22F82BDE005E93AB /* GDTMediaView.h */ = {isa = PBXFileReference; fileEncoding = 4; lastKnownFileType = sourcecode.c.h; path = GDTMediaView.h; sourceTree = "<group>"; };
		AED4825022F82BDE005E93AB /* GDTMobBannerView.h */ = {isa = PBXFileReference; fileEncoding = 4; lastKnownFileType = sourcecode.c.h; path = GDTMobBannerView.h; sourceTree = "<group>"; };
		AED4825122F82BDE005E93AB /* GDTMobInterstitial.h */ = {isa = PBXFileReference; fileEncoding = 4; lastKnownFileType = sourcecode.c.h; path = GDTMobInterstitial.h; sourceTree = "<group>"; };
		AED4825222F82BDE005E93AB /* GDTNativeAd.h */ = {isa = PBXFileReference; fileEncoding = 4; lastKnownFileType = sourcecode.c.h; path = GDTNativeAd.h; sourceTree = "<group>"; };
		AED4825322F82BDE005E93AB /* GDTNativeExpressAd.h */ = {isa = PBXFileReference; fileEncoding = 4; lastKnownFileType = sourcecode.c.h; path = GDTNativeExpressAd.h; sourceTree = "<group>"; };
		AED4825422F82BDE005E93AB /* GDTNativeExpressAdView.h */ = {isa = PBXFileReference; fileEncoding = 4; lastKnownFileType = sourcecode.c.h; path = GDTNativeExpressAdView.h; sourceTree = "<group>"; };
		AED4825522F82BDE005E93AB /* GDTRewardVideoAd.h */ = {isa = PBXFileReference; fileEncoding = 4; lastKnownFileType = sourcecode.c.h; path = GDTRewardVideoAd.h; sourceTree = "<group>"; };
		AED4825622F82BDE005E93AB /* GDTSDKConfig.h */ = {isa = PBXFileReference; fileEncoding = 4; lastKnownFileType = sourcecode.c.h; path = GDTSDKConfig.h; sourceTree = "<group>"; };
		AED4825722F82BDE005E93AB /* GDTSDKDefines.h */ = {isa = PBXFileReference; fileEncoding = 4; lastKnownFileType = sourcecode.c.h; path = GDTSDKDefines.h; sourceTree = "<group>"; };
		AED4825822F82BDE005E93AB /* GDTSplashAd.h */ = {isa = PBXFileReference; fileEncoding = 4; lastKnownFileType = sourcecode.c.h; path = GDTSplashAd.h; sourceTree = "<group>"; };
		AED4825922F82BDE005E93AB /* GDTUnifiedBannerView.h */ = {isa = PBXFileReference; fileEncoding = 4; lastKnownFileType = sourcecode.c.h; path = GDTUnifiedBannerView.h; sourceTree = "<group>"; };
		AED4825A22F82BDE005E93AB /* GDTUnifiedInterstitialAd.h */ = {isa = PBXFileReference; fileEncoding = 4; lastKnownFileType = sourcecode.c.h; path = GDTUnifiedInterstitialAd.h; sourceTree = "<group>"; };
		AED4825B22F82BDE005E93AB /* GDTUnifiedNativeAd.h */ = {isa = PBXFileReference; fileEncoding = 4; lastKnownFileType = sourcecode.c.h; path = GDTUnifiedNativeAd.h; sourceTree = "<group>"; };
		AED4825C22F82BDE005E93AB /* GDTUnifiedNativeAdDataObject.h */ = {isa = PBXFileReference; fileEncoding = 4; lastKnownFileType = sourcecode.c.h; path = GDTUnifiedNativeAdDataObject.h; sourceTree = "<group>"; };
		AED4825D22F82BDE005E93AB /* GDTUnifiedNativeAdView.h */ = {isa = PBXFileReference; fileEncoding = 4; lastKnownFileType = sourcecode.c.h; path = GDTUnifiedNativeAdView.h; sourceTree = "<group>"; };
		AED4825E22F82BDE005E93AB /* GDTVideoConfig.h */ = {isa = PBXFileReference; fileEncoding = 4; lastKnownFileType = sourcecode.c.h; path = GDTVideoConfig.h; sourceTree = "<group>"; };
		AED4825F22F82BDE005E93AB /* libGDTMobSDK.a */ = {isa = PBXFileReference; lastKnownFileType = archive.ar; path = libGDTMobSDK.a; sourceTree = "<group>"; };
		AED4826622F83FD0005E93AB /* BannerPlugin.h */ = {isa = PBXFileReference; lastKnownFileType = sourcecode.c.h; path = BannerPlugin.h; sourceTree = "<group>"; };
		AED4826722FA7ED3005E93AB /* AppDelegate.swift */ = {isa = PBXFileReference; lastKnownFileType = sourcecode.swift; path = AppDelegate.swift; sourceTree = "<group>"; };
		AEF43F2522EEA37300765808 /* PathObject.mm */ = {isa = PBXFileReference; fileEncoding = 4; lastKnownFileType = sourcecode.cpp.objcpp; path = PathObject.mm; sourceTree = "<group>"; };
		AEF43F2622EEA37400765808 /* ImageData.h */ = {isa = PBXFileReference; fileEncoding = 4; lastKnownFileType = sourcecode.c.h; path = ImageData.h; sourceTree = "<group>"; };
		AEF43F2722EEA37400765808 /* ImageData.mm */ = {isa = PBXFileReference; fileEncoding = 4; lastKnownFileType = sourcecode.cpp.objcpp; path = ImageData.mm; sourceTree = "<group>"; };
		AEF43F2822EEA37400765808 /* mnist.h */ = {isa = PBXFileReference; fileEncoding = 4; lastKnownFileType = sourcecode.c.h; path = mnist.h; sourceTree = "<group>"; };
		AEF43F2922EEA37400765808 /* Mnist.mm */ = {isa = PBXFileReference; fileEncoding = 4; lastKnownFileType = sourcecode.cpp.objcpp; path = Mnist.mm; sourceTree = "<group>"; };
		AEF43F2A22EEA37400765808 /* PathObject.h */ = {isa = PBXFileReference; fileEncoding = 4; lastKnownFileType = sourcecode.c.h; path = PathObject.h; sourceTree = "<group>"; };
		B49C639824DCEBDF0037462B /* StoreKit.framework */ = {isa = PBXFileReference; lastKnownFileType = wrapper.framework; name = StoreKit.framework; path = System/Library/Frameworks/StoreKit.framework; sourceTree = SDKROOT; };
		B4F3092025426994006D3797 /* SimplePingChannel.swift */ = {isa = PBXFileReference; fileEncoding = 4; lastKnownFileType = sourcecode.swift; name = SimplePingChannel.swift; path = SimplePing/SimplePingChannel.swift; sourceTree = "<group>"; };
		B4F3092725427738006D3797 /* MySimplePing.h */ = {isa = PBXFileReference; fileEncoding = 4; lastKnownFileType = sourcecode.c.h; name = MySimplePing.h; path = SimplePing/MySimplePing.h; sourceTree = "<group>"; };
		B4F3092A254278E5006D3797 /* MySimplePing.m */ = {isa = PBXFileReference; fileEncoding = 4; lastKnownFileType = sourcecode.c.objc; name = MySimplePing.m; path = SimplePing/MySimplePing.m; sourceTree = "<group>"; };
		C1D536F4DEB8EFD859C25C45 /* Pods-Runner.release.xcconfig */ = {isa = PBXFileReference; includeInIndex = 1; lastKnownFileType = text.xcconfig; name = "Pods-Runner.release.xcconfig"; path = "Target Support Files/Pods-Runner/Pods-Runner.release.xcconfig"; sourceTree = "<group>"; };
/* End PBXFileReference section */

/* Begin PBXFrameworksBuildPhase section */
		97C146EB1CF9000F007C117D /* Frameworks */ = {
			isa = PBXFrameworksBuildPhase;
			buildActionMask = 2147483647;
			files = (
				AE5496CB2477DC320057ACDE /* Photos.framework in Frameworks */,
				AED4820322F819FE005E93AB /* WebKit.framework in Frameworks */,
				AED4820122F819F7005E93AB /* AVFoundation.framework in Frameworks */,
				AED481FF22F819F2005E93AB /* libxml2.tbd in Frameworks */,
				AED481FB22F819E4005E93AB /* Security.framework in Frameworks */,
				AED481F922F819DD005E93AB /* libz.tbd in Frameworks */,
				AED481F722F819D6005E93AB /* SystemConfiguration.framework in Frameworks */,
				AED481F522F819CE005E93AB /* QuartzCore.framework in Frameworks */,
				AED4826022F82BDF005E93AB /* libGDTMobSDK.a in Frameworks */,
				AED481F322F819C6005E93AB /* CoreLocation.framework in Frameworks */,
				AED481F122F819BD005E93AB /* AdSupport.framework in Frameworks */,
				B49C639924DCEBDF0037462B /* StoreKit.framework in Frameworks */,
				D5AC550C610483AA74C2FC9A /* Pods_Runner.framework in Frameworks */,
			);
			runOnlyForDeploymentPostprocessing = 0;
		};
/* End PBXFrameworksBuildPhase section */

/* Begin PBXGroup section */
		6FFA71103388989C439FC8D8 /* Frameworks */ = {
			isa = PBXGroup;
			children = (
				B49C639824DCEBDF0037462B /* StoreKit.framework */,
				AE5496CA2477DC320057ACDE /* Photos.framework */,
				AED4820222F819FE005E93AB /* WebKit.framework */,
				AED4820022F819F7005E93AB /* AVFoundation.framework */,
				AED481FE22F819F1005E93AB /* libxml2.tbd */,
				AED481FA22F819E4005E93AB /* Security.framework */,
				AED481F822F819DD005E93AB /* libz.tbd */,
				AED481F622F819D6005E93AB /* SystemConfiguration.framework */,
				AED481F422F819CE005E93AB /* QuartzCore.framework */,
				AED481F222F819C6005E93AB /* CoreLocation.framework */,
				AED481F022F819BD005E93AB /* AdSupport.framework */,
				AED481EE22F8194E005E93AB /* libGDTMobSDK.a */,
				703282FEB9B72281A2657B4F /* Pods_Runner.framework */,
			);
			name = Frameworks;
			sourceTree = "<group>";
		};
		9740EEB11CF90186004384FC /* Flutter */ = {
			isa = PBXGroup;
			children = (
				3B3967151E833CAA004F5970 /* AppFrameworkInfo.plist */,
				9740EEB21CF90195004384FC /* Debug.xcconfig */,
				7AFA3C8E1D35360C0083082E /* Release.xcconfig */,
				9740EEB31CF90195004384FC /* Generated.xcconfig */,
			);
			name = Flutter;
			sourceTree = "<group>";
		};
		97C146E51CF9000F007C117D = {
			isa = PBXGroup;
			children = (
				AED4824C22F82BDE005E93AB /* lib */,
				9740EEB11CF90186004384FC /* Flutter */,
				97C146F01CF9000F007C117D /* Runner */,
				97C146EF1CF9000F007C117D /* Products */,
				FD7FDAB1A47FCDAE60F18306 /* Pods */,
				6FFA71103388989C439FC8D8 /* Frameworks */,
			);
			sourceTree = "<group>";
		};
		97C146EF1CF9000F007C117D /* Products */ = {
			isa = PBXGroup;
			children = (
				97C146EE1CF9000F007C117D /* Runner.app */,
			);
			name = Products;
			sourceTree = "<group>";
		};
		97C146F01CF9000F007C117D /* Runner */ = {
			isa = PBXGroup;
			children = (
				B4F3092A254278E5006D3797 /* MySimplePing.m */,
				B4F3092725427738006D3797 /* MySimplePing.h */,
				B4F3092025426994006D3797 /* SimplePingChannel.swift */,
				AEC4E405249CD81F000241F9 /* Runner.entitlements */,
				AEC4E3EF249C52F4000241F9 /* RunnerDebug.entitlements */,
				AEC4096F23B21C77000F8FDC /* Resources */,
				AEC4092A23B1EF88000F8FDC /* BJImageCropper.h */,
				AEC4092923B1EF88000F8FDC /* BJImageCropper.m */,
				AEC4092823B1EF88000F8FDC /* Call.h */,
				AEC4092723B1EF88000F8FDC /* CameraMic.h */,
				AEC4092323B1EF87000F8FDC /* CameraMic.m */,
				AEC4092623B1EF88000F8FDC /* CameraPlugin.h */,
				AEC4092523B1EF88000F8FDC /* CameraPlugin.m */,
				AEC4092B23B1EF88000F8FDC /* CustomCamera.h */,
				AEC4092C23B1EF88000F8FDC /* CustomCamera.m */,
				AEC4092223B1EF87000F8FDC /* CustomGallery.h */,
				AEC4092423B1EF88000F8FDC /* CustomGallery.m */,
				AE7A1E322319066400B76925 /* SplashViewFactory.swift */,
				AE7A1E302318FF1200B76925 /* SplashView.swift */,
				AE73114E2302BB76001AB5F6 /* Yondor.h */,
				AE73114F2302BB77001AB5F6 /* Yondor.mm */,
				AEF43F2622EEA37400765808 /* ImageData.h */,
				AEF43F2722EEA37400765808 /* ImageData.mm */,
				AEF43F2822EEA37400765808 /* mnist.h */,
				AEF43F2922EEA37400765808 /* Mnist.mm */,
				AEF43F2A22EEA37400765808 /* PathObject.h */,
				AEF43F2522EEA37300765808 /* PathObject.mm */,
				97C146FA1CF9000F007C117D /* Main.storyboard */,
				97C146FD1CF9000F007C117D /* Assets.xcassets */,
				97C146FF1CF9000F007C117D /* LaunchScreen.storyboard */,
				97C147021CF9000F007C117D /* Info.plist */,
				97C146F11CF9000F007C117D /* Supporting Files */,
				1498D2321E8E86230040F4C2 /* GeneratedPluginRegistrant.h */,
				1498D2331E8E89220040F4C2 /* GeneratedPluginRegistrant.m */,
				AED4820422F825BD005E93AB /* BannerPlugin.swift */,
				AED4820622F825F3005E93AB /* Runner-Bridging-Header.h */,
				AED4820722F82622005E93AB /* BannerViewFactory.swift */,
				AED4820922F8264B005E93AB /* Banner.swift */,
				AED4826622F83FD0005E93AB /* BannerPlugin.h */,
				AED4826722FA7ED3005E93AB /* AppDelegate.swift */,
			);
			path = Runner;
			sourceTree = "<group>";
		};
		97C146F11CF9000F007C117D /* Supporting Files */ = {
			isa = PBXGroup;
			children = (
			);
			name = "Supporting Files";
			sourceTree = "<group>";
		};
		AEC4096F23B21C77000F8FDC /* Resources */ = {
			isa = PBXGroup;
			children = (
				AEC4097323B2EBC4000F8FDC /* bd_ocr_close.png */,
				AEC4097223B2EBC4000F8FDC /* bd_ocr_close1.png */,
				AEC4097823B2EBC5000F8FDC /* bd_ocr_gallery1.png */,
				AEC4097A23B2EBC5000F8FDC /* bd_ocr_light_off.png */,
				AEC4097123B2EBC4000F8FDC /* bd_ocr_light_on.png */,
				AEC4097623B2EBC5000F8FDC /* gallery_hdpi.png */,
				AEC4097723B2EBC5000F8FDC /* gallery_xhdpi.png */,
				AEC4097923B2EBC5000F8FDC /* gallery_xxhdpi.png */,
				AEC4097023B2EBC4000F8FDC /* PEPhotoCropEditor.bundle */,
				AEC4097523B2EBC5000F8FDC /* photo_demonstration_icon.png */,
				AEC4097423B2EBC5000F8FDC /* test.mp4 */,
			);
			name = Resources;
			sourceTree = "<group>";
		};
		AED4824C22F82BDE005E93AB /* lib */ = {
			isa = PBXGroup;
			children = (
				AED4824D22F82BDE005E93AB /* GDTHybridAd.h */,
				AED4824E22F82BDE005E93AB /* GDTLogoView.h */,
				AED4824F22F82BDE005E93AB /* GDTMediaView.h */,
				AED4825022F82BDE005E93AB /* GDTMobBannerView.h */,
				AED4825122F82BDE005E93AB /* GDTMobInterstitial.h */,
				AED4825222F82BDE005E93AB /* GDTNativeAd.h */,
				AED4825322F82BDE005E93AB /* GDTNativeExpressAd.h */,
				AED4825422F82BDE005E93AB /* GDTNativeExpressAdView.h */,
				AED4825522F82BDE005E93AB /* GDTRewardVideoAd.h */,
				AED4825622F82BDE005E93AB /* GDTSDKConfig.h */,
				AED4825722F82BDE005E93AB /* GDTSDKDefines.h */,
				AED4825822F82BDE005E93AB /* GDTSplashAd.h */,
				AED4825922F82BDE005E93AB /* GDTUnifiedBannerView.h */,
				AED4825A22F82BDE005E93AB /* GDTUnifiedInterstitialAd.h */,
				AED4825B22F82BDE005E93AB /* GDTUnifiedNativeAd.h */,
				AED4825C22F82BDE005E93AB /* GDTUnifiedNativeAdDataObject.h */,
				AED4825D22F82BDE005E93AB /* GDTUnifiedNativeAdView.h */,
				AED4825E22F82BDE005E93AB /* GDTVideoConfig.h */,
				AED4825F22F82BDE005E93AB /* libGDTMobSDK.a */,
			);
			path = lib;
			sourceTree = "<group>";
		};
		FD7FDAB1A47FCDAE60F18306 /* Pods */ = {
			isa = PBXGroup;
			children = (
				A7EE431142770A20AA31BCD9 /* Pods-Runner.debug.xcconfig */,
				C1D536F4DEB8EFD859C25C45 /* Pods-Runner.release.xcconfig */,
				182B48D6CFADA2DC8AF42C3B /* Pods-Runner.profile.xcconfig */,
			);
			path = Pods;
			sourceTree = "<group>";
		};
/* End PBXGroup section */

/* Begin PBXNativeTarget section */
		97C146ED1CF9000F007C117D /* Runner */ = {
			isa = PBXNativeTarget;
			buildConfigurationList = 97C147051CF9000F007C117D /* Build configuration list for PBXNativeTarget "Runner" */;
			buildPhases = (
				CEFBD1DE1AD57417EC3EF8A4 /* [CP] Check Pods Manifest.lock */,
				9740EEB61CF901F6004384FC /* Run Script */,
				97C146EA1CF9000F007C117D /* Sources */,
				97C146EB1CF9000F007C117D /* Frameworks */,
				97C146EC1CF9000F007C117D /* Resources */,
				9705A1C41CF9048500538489 /* Embed Frameworks */,
				3B06AD1E1E4923F5004D2608 /* Thin Binary */,
				1D59B00BEE8816D7B21F43BB /* [CP] Embed Pods Frameworks */,
			);
			buildRules = (
			);
			dependencies = (
			);
			name = Runner;
			productName = Runner;
			productReference = 97C146EE1CF9000F007C117D /* Runner.app */;
			productType = "com.apple.product-type.application";
		};
/* End PBXNativeTarget section */

/* Begin PBXProject section */
		97C146E61CF9000F007C117D /* Project object */ = {
			isa = PBXProject;
			attributes = {
				LastUpgradeCheck = 1010;
				ORGANIZATIONNAME = "The Chromium Authors";
				TargetAttributes = {
					97C146ED1CF9000F007C117D = {
						CreatedOnToolsVersion = 7.3.1;
						DevelopmentTeam = US9G9C67S4;
						LastSwiftMigration = 1010;
						ProvisioningStyle = Automatic;
					};
				};
			};
			buildConfigurationList = 97C146E91CF9000F007C117D /* Build configuration list for PBXProject "Runner" */;
			compatibilityVersion = "Xcode 3.2";
			developmentRegion = English;
			hasScannedForEncodings = 0;
			knownRegions = (
				English,
				en,
				Base,
			);
			mainGroup = 97C146E51CF9000F007C117D;
			productRefGroup = 97C146EF1CF9000F007C117D /* Products */;
			projectDirPath = "";
			projectRoot = "";
			targets = (
				97C146ED1CF9000F007C117D /* Runner */,
			);
		};
/* End PBXProject section */

/* Begin PBXResourcesBuildPhase section */
		97C146EC1CF9000F007C117D /* Resources */ = {
			isa = PBXResourcesBuildPhase;
			buildActionMask = 2147483647;
			files = (
				AEC4098323B2EBC5000F8FDC /* bd_ocr_gallery1.png in Resources */,
				AEC4097C23B2EBC5000F8FDC /* bd_ocr_light_on.png in Resources */,
				AEC4097E23B2EBC5000F8FDC /* bd_ocr_close.png in Resources */,
				97C147011CF9000F007C117D /* LaunchScreen.storyboard in Resources */,
				AEC4098023B2EBC5000F8FDC /* photo_demonstration_icon.png in Resources */,
				3B3967161E833CAA004F5970 /* AppFrameworkInfo.plist in Resources */,
				97C146FE1CF9000F007C117D /* Assets.xcassets in Resources */,
				AEC4098423B2EBC5000F8FDC /* gallery_xxhdpi.png in Resources */,
				97C146FC1CF9000F007C117D /* Main.storyboard in Resources */,
				AEC4097D23B2EBC5000F8FDC /* bd_ocr_close1.png in Resources */,
				AEC4098223B2EBC5000F8FDC /* gallery_xhdpi.png in Resources */,
				AEC4097F23B2EBC5000F8FDC /* test.mp4 in Resources */,
				AEC4098523B2EBC5000F8FDC /* bd_ocr_light_off.png in Resources */,
				AEC4098123B2EBC5000F8FDC /* gallery_hdpi.png in Resources */,
				AEC4097B23B2EBC5000F8FDC /* PEPhotoCropEditor.bundle in Resources */,
			);
			runOnlyForDeploymentPostprocessing = 0;
		};
/* End PBXResourcesBuildPhase section */

/* Begin PBXShellScriptBuildPhase section */
		1D59B00BEE8816D7B21F43BB /* [CP] Embed Pods Frameworks */ = {
			isa = PBXShellScriptBuildPhase;
			buildActionMask = 2147483647;
			files = (
			);
			inputPaths = (
				"${PODS_ROOT}/Target Support Files/Pods-Runner/Pods-Runner-frameworks.sh",
				"${BUILT_PRODUCTS_DIR}/FMDB/FMDB.framework",
				"${PODS_ROOT}/../Flutter/Flutter.framework",
				"${BUILT_PRODUCTS_DIR}/Reachability/Reachability.framework",
				"${BUILT_PRODUCTS_DIR}/SocketRocket/SocketRocket.framework",
				"${BUILT_PRODUCTS_DIR}/TOCropViewController/TOCropViewController.framework",
				"${BUILT_PRODUCTS_DIR}/Whiteboard/Whiteboard.framework",
				"${BUILT_PRODUCTS_DIR}/YYModel/YYModel.framework",
				"${BUILT_PRODUCTS_DIR}/better_socket/better_socket.framework",
				"${BUILT_PRODUCTS_DIR}/connectivity/connectivity.framework",
				"${BUILT_PRODUCTS_DIR}/device_info/device_info.framework",
				"${BUILT_PRODUCTS_DIR}/dsBridge/dsBridge.framework",
				"${BUILT_PRODUCTS_DIR}/flutter_audio_recorder/flutter_audio_recorder.framework",
				"${BUILT_PRODUCTS_DIR}/flutter_des/flutter_des.framework",
				"${BUILT_PRODUCTS_DIR}/flutter_inapp_purchase/flutter_inapp_purchase.framework",
				"${BUILT_PRODUCTS_DIR}/flutter_native_image/flutter_native_image.framework",
				"${BUILT_PRODUCTS_DIR}/flutter_webview_plugin/flutter_webview_plugin.framework",
				"${BUILT_PRODUCTS_DIR}/home_indicator/home_indicator.framework",
				"${BUILT_PRODUCTS_DIR}/image_cropper/image_cropper.framework",
				"${BUILT_PRODUCTS_DIR}/image_gallery_saver/image_gallery_saver.framework",
				"${BUILT_PRODUCTS_DIR}/image_picker/image_picker.framework",
				"${BUILT_PRODUCTS_DIR}/imei_plugin/imei_plugin.framework",
				"${BUILT_PRODUCTS_DIR}/just_audio/just_audio.framework",
				"${BUILT_PRODUCTS_DIR}/orientation/orientation.framework",
				"${BUILT_PRODUCTS_DIR}/package_info/package_info.framework",
				"${BUILT_PRODUCTS_DIR}/path_provider/path_provider.framework",
				"${BUILT_PRODUCTS_DIR}/screen/screen.framework",
				"${BUILT_PRODUCTS_DIR}/shared_preferences/shared_preferences.framework",
				"${BUILT_PRODUCTS_DIR}/sqflite/sqflite.framework",
				"${BUILT_PRODUCTS_DIR}/url_launcher/url_launcher.framework",
				"${BUILT_PRODUCTS_DIR}/video_compress/video_compress.framework",
				"${BUILT_PRODUCTS_DIR}/video_player/video_player.framework",
				"${BUILT_PRODUCTS_DIR}/wakelock/wakelock.framework",
				"${BUILT_PRODUCTS_DIR}/webview_flutter/webview_flutter.framework",
				"${BUILT_PRODUCTS_DIR}/yondor_whiteboard/yondor_whiteboard.framework",
			);
			name = "[CP] Embed Pods Frameworks";
			outputPaths = (
				"${TARGET_BUILD_DIR}/${FRAMEWORKS_FOLDER_PATH}/FMDB.framework",
				"${TARGET_BUILD_DIR}/${FRAMEWORKS_FOLDER_PATH}/Flutter.framework",
				"${TARGET_BUILD_DIR}/${FRAMEWORKS_FOLDER_PATH}/Reachability.framework",
				"${TARGET_BUILD_DIR}/${FRAMEWORKS_FOLDER_PATH}/SocketRocket.framework",
				"${TARGET_BUILD_DIR}/${FRAMEWORKS_FOLDER_PATH}/TOCropViewController.framework",
				"${TARGET_BUILD_DIR}/${FRAMEWORKS_FOLDER_PATH}/Whiteboard.framework",
				"${TARGET_BUILD_DIR}/${FRAMEWORKS_FOLDER_PATH}/YYModel.framework",
				"${TARGET_BUILD_DIR}/${FRAMEWORKS_FOLDER_PATH}/better_socket.framework",
				"${TARGET_BUILD_DIR}/${FRAMEWORKS_FOLDER_PATH}/connectivity.framework",
				"${TARGET_BUILD_DIR}/${FRAMEWORKS_FOLDER_PATH}/device_info.framework",
				"${TARGET_BUILD_DIR}/${FRAMEWORKS_FOLDER_PATH}/dsBridge.framework",
				"${TARGET_BUILD_DIR}/${FRAMEWORKS_FOLDER_PATH}/flutter_audio_recorder.framework",
				"${TARGET_BUILD_DIR}/${FRAMEWORKS_FOLDER_PATH}/flutter_des.framework",
				"${TARGET_BUILD_DIR}/${FRAMEWORKS_FOLDER_PATH}/flutter_inapp_purchase.framework",
				"${TARGET_BUILD_DIR}/${FRAMEWORKS_FOLDER_PATH}/flutter_native_image.framework",
				"${TARGET_BUILD_DIR}/${FRAMEWORKS_FOLDER_PATH}/flutter_webview_plugin.framework",
				"${TARGET_BUILD_DIR}/${FRAMEWORKS_FOLDER_PATH}/home_indicator.framework",
				"${TARGET_BUILD_DIR}/${FRAMEWORKS_FOLDER_PATH}/image_cropper.framework",
				"${TARGET_BUILD_DIR}/${FRAMEWORKS_FOLDER_PATH}/image_gallery_saver.framework",
				"${TARGET_BUILD_DIR}/${FRAMEWORKS_FOLDER_PATH}/image_picker.framework",
				"${TARGET_BUILD_DIR}/${FRAMEWORKS_FOLDER_PATH}/imei_plugin.framework",
				"${TARGET_BUILD_DIR}/${FRAMEWORKS_FOLDER_PATH}/just_audio.framework",
				"${TARGET_BUILD_DIR}/${FRAMEWORKS_FOLDER_PATH}/orientation.framework",
				"${TARGET_BUILD_DIR}/${FRAMEWORKS_FOLDER_PATH}/package_info.framework",
				"${TARGET_BUILD_DIR}/${FRAMEWORKS_FOLDER_PATH}/path_provider.framework",
				"${TARGET_BUILD_DIR}/${FRAMEWORKS_FOLDER_PATH}/screen.framework",
				"${TARGET_BUILD_DIR}/${FRAMEWORKS_FOLDER_PATH}/shared_preferences.framework",
				"${TARGET_BUILD_DIR}/${FRAMEWORKS_FOLDER_PATH}/sqflite.framework",
				"${TARGET_BUILD_DIR}/${FRAMEWORKS_FOLDER_PATH}/url_launcher.framework",
				"${TARGET_BUILD_DIR}/${FRAMEWORKS_FOLDER_PATH}/video_compress.framework",
				"${TARGET_BUILD_DIR}/${FRAMEWORKS_FOLDER_PATH}/video_player.framework",
				"${TARGET_BUILD_DIR}/${FRAMEWORKS_FOLDER_PATH}/wakelock.framework",
				"${TARGET_BUILD_DIR}/${FRAMEWORKS_FOLDER_PATH}/webview_flutter.framework",
				"${TARGET_BUILD_DIR}/${FRAMEWORKS_FOLDER_PATH}/yondor_whiteboard.framework",
			);
			runOnlyForDeploymentPostprocessing = 0;
			shellPath = /bin/sh;
			shellScript = "\"${PODS_ROOT}/Target Support Files/Pods-Runner/Pods-Runner-frameworks.sh\"\n";
			showEnvVarsInLog = 0;
		};
		3B06AD1E1E4923F5004D2608 /* Thin Binary */ = {
			isa = PBXShellScriptBuildPhase;
			buildActionMask = 2147483647;
			files = (
			);
			inputPaths = (
			);
			name = "Thin Binary";
			outputPaths = (
			);
			runOnlyForDeploymentPostprocessing = 0;
			shellPath = /bin/sh;
			shellScript = "/bin/sh \"$FLUTTER_ROOT/packages/flutter_tools/bin/xcode_backend.sh\" embed\n/bin/sh \"$FLUTTER_ROOT/packages/flutter_tools/bin/xcode_backend.sh\" thin\n";
		};
		9740EEB61CF901F6004384FC /* Run Script */ = {
			isa = PBXShellScriptBuildPhase;
			buildActionMask = 2147483647;
			files = (
			);
			inputPaths = (
			);
			name = "Run Script";
			outputPaths = (
			);
			runOnlyForDeploymentPostprocessing = 0;
			shellPath = /bin/sh;
			shellScript = "/bin/sh \"$FLUTTER_ROOT/packages/flutter_tools/bin/xcode_backend.sh\" build\n";
		};
		CEFBD1DE1AD57417EC3EF8A4 /* [CP] Check Pods Manifest.lock */ = {
			isa = PBXShellScriptBuildPhase;
			buildActionMask = 2147483647;
			files = (
			);
			inputFileListPaths = (
			);
			inputPaths = (
				"${PODS_PODFILE_DIR_PATH}/Podfile.lock",
				"${PODS_ROOT}/Manifest.lock",
			);
			name = "[CP] Check Pods Manifest.lock";
			outputFileListPaths = (
			);
			outputPaths = (
				"$(DERIVED_FILE_DIR)/Pods-Runner-checkManifestLockResult.txt",
			);
			runOnlyForDeploymentPostprocessing = 0;
			shellPath = /bin/sh;
			shellScript = "diff \"${PODS_PODFILE_DIR_PATH}/Podfile.lock\" \"${PODS_ROOT}/Manifest.lock\" > /dev/null\nif [ $? != 0 ] ; then\n    # print error to STDERR\n    echo \"error: The sandbox is not in sync with the Podfile.lock. Run 'pod install' or update your CocoaPods installation.\" >&2\n    exit 1\nfi\n# This output is used by Xcode 'outputs' to avoid re-running this script phase.\necho \"SUCCESS\" > \"${SCRIPT_OUTPUT_FILE_0}\"\n";
			showEnvVarsInLog = 0;
		};
/* End PBXShellScriptBuildPhase section */

/* Begin PBXSourcesBuildPhase section */
		97C146EA1CF9000F007C117D /* Sources */ = {
			isa = PBXSourcesBuildPhase;
			buildActionMask = 2147483647;
			files = (
				AEF43F2B22EEA37400765808 /* PathObject.mm in Sources */,
				AED4820A22F8264B005E93AB /* Banner.swift in Sources */,
				AEF43F2C22EEA37400765808 /* ImageData.mm in Sources */,
				AEC4093023B1EF88000F8FDC /* BJImageCropper.m in Sources */,
				AEC4092F23B1EF88000F8FDC /* CameraPlugin.m in Sources */,
				B4F3092B254278E5006D3797 /* MySimplePing.m in Sources */,
				AED4820822F82622005E93AB /* BannerViewFactory.swift in Sources */,
				AEC4092D23B1EF88000F8FDC /* CameraMic.m in Sources */,
				AEC4092E23B1EF88000F8FDC /* CustomGallery.m in Sources */,
				AEF43F2D22EEA37400765808 /* Mnist.mm in Sources */,
				AED4820522F825BD005E93AB /* BannerPlugin.swift in Sources */,
				AED4826822FA7ED3005E93AB /* AppDelegate.swift in Sources */,
				AE7311502302BB77001AB5F6 /* Yondor.mm in Sources */,
				1498D2341E8E89220040F4C2 /* GeneratedPluginRegistrant.m in Sources */,
				AEC4093123B1EF88000F8FDC /* CustomCamera.m in Sources */,
				AE7A1E312318FF1300B76925 /* SplashView.swift in Sources */,
				AE7A1E332319066500B76925 /* SplashViewFactory.swift in Sources */,
				B4F3092325426994006D3797 /* SimplePingChannel.swift in Sources */,
			);
			runOnlyForDeploymentPostprocessing = 0;
		};
/* End PBXSourcesBuildPhase section */

/* Begin PBXVariantGroup section */
		97C146FA1CF9000F007C117D /* Main.storyboard */ = {
			isa = PBXVariantGroup;
			children = (
				97C146FB1CF9000F007C117D /* Base */,
			);
			name = Main.storyboard;
			sourceTree = "<group>";
		};
		97C146FF1CF9000F007C117D /* LaunchScreen.storyboard */ = {
			isa = PBXVariantGroup;
			children = (
				97C147001CF9000F007C117D /* Base */,
			);
			name = LaunchScreen.storyboard;
			sourceTree = "<group>";
		};
/* End PBXVariantGroup section */

/* Begin XCBuildConfiguration section */
		249021D3217E4FDB00AE95B9 /* Profile */ = {
			isa = XCBuildConfiguration;
			buildSettings = {
				ALWAYS_SEARCH_USER_PATHS = NO;
				CLANG_ADDRESS_SANITIZER_CONTAINER_OVERFLOW = NO;
				CLANG_ALLOW_NON_MODULAR_INCLUDES_IN_FRAMEWORK_MODULES = YES;
				CLANG_ANALYZER_NONNULL = YES;
				CLANG_CXX_LANGUAGE_STANDARD = "gnu++0x";
				CLANG_CXX_LIBRARY = "libc++";
				CLANG_ENABLE_MODULES = YES;
				CLANG_ENABLE_OBJC_ARC = YES;
				CLANG_WARN_BLOCK_CAPTURE_AUTORELEASING = YES;
				CLANG_WARN_BOOL_CONVERSION = YES;
				CLANG_WARN_COMMA = YES;
				CLANG_WARN_CONSTANT_CONVERSION = YES;
				CLANG_WARN_DEPRECATED_OBJC_IMPLEMENTATIONS = YES;
				CLANG_WARN_DIRECT_OBJC_ISA_USAGE = YES_ERROR;
				CLANG_WARN_EMPTY_BODY = YES;
				CLANG_WARN_ENUM_CONVERSION = YES;
				CLANG_WARN_INFINITE_RECURSION = YES;
				CLANG_WARN_INT_CONVERSION = YES;
				CLANG_WARN_NON_LITERAL_NULL_CONVERSION = YES;
				CLANG_WARN_OBJC_IMPLICIT_RETAIN_SELF = YES;
				CLANG_WARN_OBJC_LITERAL_CONVERSION = YES;
				CLANG_WARN_OBJC_ROOT_CLASS = YES_ERROR;
				CLANG_WARN_RANGE_LOOP_ANALYSIS = YES;
				CLANG_WARN_STRICT_PROTOTYPES = YES;
				CLANG_WARN_SUSPICIOUS_MOVE = YES;
				CLANG_WARN_UNREACHABLE_CODE = YES;
				CLANG_WARN__DUPLICATE_METHOD_MATCH = YES;
				"CODE_SIGN_IDENTITY[sdk=iphoneos*]" = "iPhone Developer";
				COPY_PHASE_STRIP = NO;
				DEBUG_INFORMATION_FORMAT = "dwarf-with-dsym";
				ENABLE_BITCODE = YES;
				ENABLE_NS_ASSERTIONS = NO;
				ENABLE_STRICT_OBJC_MSGSEND = YES;
				GCC_C_LANGUAGE_STANDARD = gnu99;
				GCC_NO_COMMON_BLOCKS = YES;
				GCC_WARN_64_TO_32_BIT_CONVERSION = YES;
				GCC_WARN_ABOUT_RETURN_TYPE = YES_ERROR;
				GCC_WARN_UNDECLARED_SELECTOR = YES;
				GCC_WARN_UNINITIALIZED_AUTOS = YES_AGGRESSIVE;
				GCC_WARN_UNUSED_FUNCTION = YES;
				GCC_WARN_UNUSED_VARIABLE = YES;
				IPHONEOS_DEPLOYMENT_TARGET = 9.0;
				MTL_ENABLE_DEBUG_INFO = NO;
				SDKROOT = iphoneos;
				TARGETED_DEVICE_FAMILY = "1,2";
				VALIDATE_PRODUCT = YES;
			};
			name = Profile;
		};
		249021D4217E4FDB00AE95B9 /* Profile */ = {
			isa = XCBuildConfiguration;
			baseConfigurationReference = 7AFA3C8E1D35360C0083082E /* Release.xcconfig */;
			buildSettings = {
				ASSETCATALOG_COMPILER_APPICON_NAME = AppIcon;
				CLANG_ADDRESS_SANITIZER_CONTAINER_OVERFLOW = NO;
				CLANG_ALLOW_NON_MODULAR_INCLUDES_IN_FRAMEWORK_MODULES = YES;
				CLANG_ENABLE_MODULES = YES;
				CODE_SIGN_ENTITLEMENTS = Runner/Runner.entitlements;
				CODE_SIGN_IDENTITY = "Apple Development";
				"CODE_SIGN_IDENTITY[sdk=iphoneos*]" = "iPhone Developer";
				CODE_SIGN_STYLE = Automatic;
				CURRENT_PROJECT_VERSION = 34958;
				DEFINES_MODULE = YES;
				DEVELOPMENT_TEAM = US9G9C67S4;
				ENABLE_BITCODE = NO;
				FRAMEWORK_SEARCH_PATHS = (
					"$(inherited)",
					"$(PROJECT_DIR)/Flutter",
				);
				GCC_INCREASE_PRECOMPILED_HEADER_SHARING = NO;
				GCC_INPUT_FILETYPE = sourcecode.cpp.objcpp;
				HEADER_SEARCH_PATHS = (
					"$(inherited)",
					"\"${PODS_CONFIGURATION_BUILD_DIR}/FMDB/FMDB.framework/Headers\"",
					"\"${PODS_CONFIGURATION_BUILD_DIR}/Reachability/Reachability.framework/Headers\"",
					"\"${PODS_CONFIGURATION_BUILD_DIR}/TOCropViewController/TOCropViewController.framework/Headers\"",
					"\"${PODS_CONFIGURATION_BUILD_DIR}/ad_plugin/ad_plugin.framework/Headers\"",
					"\"${PODS_CONFIGURATION_BUILD_DIR}/connectivity/connectivity.framework/Headers\"",
					"\"${PODS_CONFIGURATION_BUILD_DIR}/device_info/device_info.framework/Headers\"",
					"\"${PODS_CONFIGURATION_BUILD_DIR}/flutter_des/flutter_des.framework/Headers\"",
					"\"${PODS_CONFIGURATION_BUILD_DIR}/image_cropper/image_cropper.framework/Headers\"",
					"\"${PODS_CONFIGURATION_BUILD_DIR}/image_picker/image_picker.framework/Headers\"",
					"\"${PODS_CONFIGURATION_BUILD_DIR}/imei_plugin/imei_plugin.framework/Headers\"",
					"\"${PODS_CONFIGURATION_BUILD_DIR}/package_info/package_info.framework/Headers\"",
					"\"${PODS_CONFIGURATION_BUILD_DIR}/path_provider/path_provider.framework/Headers\"",
					"\"${PODS_CONFIGURATION_BUILD_DIR}/permission_handler/permission_handler.framework/Headers\"",
					"\"${PODS_CONFIGURATION_BUILD_DIR}/shared_preferences/shared_preferences.framework/Headers\"",
					"\"${PODS_CONFIGURATION_BUILD_DIR}/sqflite/sqflite.framework/Headers\"",
					"\"${PODS_CONFIGURATION_BUILD_DIR}/tflite/tflite.framework/Headers\"",
					"\"${PODS_CONFIGURATION_BUILD_DIR}/url_launcher/url_launcher.framework/Headers\"",
					"\"${PODS_CONFIGURATION_BUILD_DIR}/webview_flutter/webview_flutter.framework/Headers\"",
					"\"${PODS_ROOT}/Headers/Public\"",
					"\"${PODS_ROOT}/Headers/Public/GDTMobSDK\"",
					"$(SDKROOT)/usr/include/libxml2",
					"'${SRCROOT}/Pods/TensorFlowLite/Frameworks/tensorflow_lite.framework/Headers'",
				);
				INFOPLIST_FILE = Runner/Info.plist;
				IPHONEOS_DEPLOYMENT_TARGET = 9.0;
				LD_RUNPATH_SEARCH_PATHS = "$(inherited) @executable_path/Frameworks";
				LIBRARY_SEARCH_PATHS = (
					"$(inherited)",
					"$(PROJECT_DIR)/Flutter",
					"$(PROJECT_DIR)/lib",
				);
				MARKETING_VERSION = 2.0.735;
				OTHER_LDFLAGS = (
					"$(inherited)",
					"-framework",
					Flutter,
					"-L",
					"${SRCROOT}/Pods/TensorFlowLite/Frameworks/tensorflow_lite.framework",
					"-ObjC",
					"-l\"WeChatSDK\"",
					"-l\"c++\"",
					"-l\"mtasdk\"",
					"-l\"sqlite3\"",
					"-l\"sqlite3.0\"",
					"-l\"z\"",
					"-framework",
					"\"Accelerate\"",
					"-framework",
					"\"CoreMedia\"",
					"-framework",
					"\"CoreTelephony\"",
					"-framework",
					"\"FMDB\"",
					"-framework",
					"\"Flutter\"",
					"-framework",
					"\"QCloudCOSXML\"",
					"-framework",
					"\"QCloudCore\"",
					"-framework",
					"\"Reachability\"",
					"-framework",
					"\"SystemConfiguration\"",
					"-framework",
					"\"TOCropViewController\"",
					"-framework",
					"\"connectivity\"",
					"-framework",
					"\"device_info\"",
					"-framework",
					"\"flutter_des\"",
					"-framework",
					"\"flutter_native_image\"",
					"-framework",
					"\"flutter_webview_plugin\"",
					"-framework",
					"\"fluwx\"",
					"-framework",
					"\"image_cropper\"",
					"-framework",
					"\"image_picker\"",
					"-framework",
					"\"imei_plugin\"",
					"-framework",
					"\"orientation\"",
					"-framework",
					"\"package_info\"",
					"-framework",
					"\"path_provider\"",
					"-framework",
					"\"permission_handler\"",
					"-framework",
					"\"shared_preferences\"",
					"-framework",
					"\"sqflite\"",
					"-framework",
					"\"tencent_cos\"",
					"-framework",
					"\"tensorflow_lite\"",
					"-framework",
					"\"tflite\"",
					"-framework",
					"\"url_launcher\"",
					"-framework",
					"\"video_player\"",
					"-framework",
					"\"webview_flutter\"",
					"-force_load",
					"${SRCROOT}/Pods/TensorFlowLite/Frameworks/tensorflow_lite.framework/tensorflow_lite",
					"-all_load",
				);
				PRODUCT_BUNDLE_IDENTIFIER = com.yondor.student;
				PRODUCT_NAME = "$(TARGET_NAME)";
				PROVISIONING_PROFILE_SPECIFIER = "";
				SWIFT_INCLUDE_PATHS = "$(inherited)";
				SWIFT_OBJC_BRIDGING_HEADER = "Runner/Runner-Bridging-Header.h";
				SWIFT_VERSION = 4.2;
				TARGETED_DEVICE_FAMILY = "1,2";
				USER_HEADER_SEARCH_PATHS = "$(inherited) \"${PODS_ROOT}/Headers/Private\" \"${PODS_ROOT}/Headers/Private/tflite\" \"${PODS_ROOT}/Headers/Public\" \"${PODS_ROOT}/Headers/Public/Flutter\" \"${PODS_ROOT}/Headers/Public/TensorFlowLite/tensorflow_lite\" \"${PODS_ROOT}/Headers/Public/tflite\" \"${PODS_ROOT}/TensorFlowLite/Frameworks/tensorflow_lite.framework/Headers\"";
				VERSIONING_SYSTEM = "apple-generic";
			};
			name = Profile;
		};
		97C147031CF9000F007C117D /* Debug */ = {
			isa = XCBuildConfiguration;
			buildSettings = {
				ALWAYS_SEARCH_USER_PATHS = NO;
				CLANG_ADDRESS_SANITIZER_CONTAINER_OVERFLOW = NO;
				CLANG_ALLOW_NON_MODULAR_INCLUDES_IN_FRAMEWORK_MODULES = YES;
				CLANG_ANALYZER_NONNULL = YES;
				CLANG_CXX_LANGUAGE_STANDARD = "gnu++0x";
				CLANG_CXX_LIBRARY = "libc++";
				CLANG_ENABLE_MODULES = YES;
				CLANG_ENABLE_OBJC_ARC = YES;
				CLANG_WARN_BLOCK_CAPTURE_AUTORELEASING = YES;
				CLANG_WARN_BOOL_CONVERSION = YES;
				CLANG_WARN_COMMA = YES;
				CLANG_WARN_CONSTANT_CONVERSION = YES;
				CLANG_WARN_DEPRECATED_OBJC_IMPLEMENTATIONS = YES;
				CLANG_WARN_DIRECT_OBJC_ISA_USAGE = YES_ERROR;
				CLANG_WARN_EMPTY_BODY = YES;
				CLANG_WARN_ENUM_CONVERSION = YES;
				CLANG_WARN_INFINITE_RECURSION = YES;
				CLANG_WARN_INT_CONVERSION = YES;
				CLANG_WARN_NON_LITERAL_NULL_CONVERSION = YES;
				CLANG_WARN_OBJC_IMPLICIT_RETAIN_SELF = YES;
				CLANG_WARN_OBJC_LITERAL_CONVERSION = YES;
				CLANG_WARN_OBJC_ROOT_CLASS = YES_ERROR;
				CLANG_WARN_RANGE_LOOP_ANALYSIS = YES;
				CLANG_WARN_STRICT_PROTOTYPES = YES;
				CLANG_WARN_SUSPICIOUS_MOVE = YES;
				CLANG_WARN_UNREACHABLE_CODE = YES;
				CLANG_WARN__DUPLICATE_METHOD_MATCH = YES;
				"CODE_SIGN_IDENTITY[sdk=iphoneos*]" = "iPhone Developer";
				COPY_PHASE_STRIP = NO;
				DEBUG_INFORMATION_FORMAT = dwarf;
				ENABLE_BITCODE = YES;
				ENABLE_STRICT_OBJC_MSGSEND = YES;
				ENABLE_TESTABILITY = YES;
				GCC_C_LANGUAGE_STANDARD = gnu99;
				GCC_DYNAMIC_NO_PIC = NO;
				GCC_NO_COMMON_BLOCKS = YES;
				GCC_OPTIMIZATION_LEVEL = 0;
				GCC_PREPROCESSOR_DEFINITIONS = (
					"DEBUG=1",
					"$(inherited)",
				);
				GCC_WARN_64_TO_32_BIT_CONVERSION = YES;
				GCC_WARN_ABOUT_RETURN_TYPE = YES_ERROR;
				GCC_WARN_UNDECLARED_SELECTOR = YES;
				GCC_WARN_UNINITIALIZED_AUTOS = YES_AGGRESSIVE;
				GCC_WARN_UNUSED_FUNCTION = YES;
				GCC_WARN_UNUSED_VARIABLE = YES;
				IPHONEOS_DEPLOYMENT_TARGET = 9.0;
				MTL_ENABLE_DEBUG_INFO = YES;
				ONLY_ACTIVE_ARCH = YES;
				SDKROOT = iphoneos;
				TARGETED_DEVICE_FAMILY = "1,2";
			};
			name = Debug;
		};
		97C147041CF9000F007C117D /* Release */ = {
			isa = XCBuildConfiguration;
			buildSettings = {
				ALWAYS_SEARCH_USER_PATHS = NO;
				CLANG_ADDRESS_SANITIZER_CONTAINER_OVERFLOW = NO;
				CLANG_ALLOW_NON_MODULAR_INCLUDES_IN_FRAMEWORK_MODULES = YES;
				CLANG_ANALYZER_NONNULL = YES;
				CLANG_CXX_LANGUAGE_STANDARD = "gnu++0x";
				CLANG_CXX_LIBRARY = "libc++";
				CLANG_ENABLE_MODULES = YES;
				CLANG_ENABLE_OBJC_ARC = YES;
				CLANG_WARN_BLOCK_CAPTURE_AUTORELEASING = YES;
				CLANG_WARN_BOOL_CONVERSION = YES;
				CLANG_WARN_COMMA = YES;
				CLANG_WARN_CONSTANT_CONVERSION = YES;
				CLANG_WARN_DEPRECATED_OBJC_IMPLEMENTATIONS = YES;
				CLANG_WARN_DIRECT_OBJC_ISA_USAGE = YES_ERROR;
				CLANG_WARN_EMPTY_BODY = YES;
				CLANG_WARN_ENUM_CONVERSION = YES;
				CLANG_WARN_INFINITE_RECURSION = YES;
				CLANG_WARN_INT_CONVERSION = YES;
				CLANG_WARN_NON_LITERAL_NULL_CONVERSION = YES;
				CLANG_WARN_OBJC_IMPLICIT_RETAIN_SELF = YES;
				CLANG_WARN_OBJC_LITERAL_CONVERSION = YES;
				CLANG_WARN_OBJC_ROOT_CLASS = YES_ERROR;
				CLANG_WARN_RANGE_LOOP_ANALYSIS = YES;
				CLANG_WARN_STRICT_PROTOTYPES = YES;
				CLANG_WARN_SUSPICIOUS_MOVE = YES;
				CLANG_WARN_UNREACHABLE_CODE = YES;
				CLANG_WARN__DUPLICATE_METHOD_MATCH = YES;
				"CODE_SIGN_IDENTITY[sdk=iphoneos*]" = "iPhone Developer";
				COPY_PHASE_STRIP = NO;
				DEBUG_INFORMATION_FORMAT = "dwarf-with-dsym";
				ENABLE_BITCODE = YES;
				ENABLE_NS_ASSERTIONS = NO;
				ENABLE_STRICT_OBJC_MSGSEND = YES;
				GCC_C_LANGUAGE_STANDARD = gnu99;
				GCC_NO_COMMON_BLOCKS = YES;
				GCC_WARN_64_TO_32_BIT_CONVERSION = YES;
				GCC_WARN_ABOUT_RETURN_TYPE = YES_ERROR;
				GCC_WARN_UNDECLARED_SELECTOR = YES;
				GCC_WARN_UNINITIALIZED_AUTOS = YES_AGGRESSIVE;
				GCC_WARN_UNUSED_FUNCTION = YES;
				GCC_WARN_UNUSED_VARIABLE = YES;
				IPHONEOS_DEPLOYMENT_TARGET = 9.0;
				MTL_ENABLE_DEBUG_INFO = NO;
				SDKROOT = iphoneos;
				SWIFT_COMPILATION_MODE = wholemodule;
				TARGETED_DEVICE_FAMILY = "1,2";
				VALIDATE_PRODUCT = YES;
			};
			name = Release;
		};
		97C147061CF9000F007C117D /* Debug */ = {
			isa = XCBuildConfiguration;
			baseConfigurationReference = 9740EEB21CF90195004384FC /* Debug.xcconfig */;
			buildSettings = {
				ASSETCATALOG_COMPILER_APPICON_NAME = AppIcon;
				CLANG_ADDRESS_SANITIZER_CONTAINER_OVERFLOW = NO;
				CLANG_ALLOW_NON_MODULAR_INCLUDES_IN_FRAMEWORK_MODULES = YES;
				CLANG_ENABLE_MODULES = YES;
				CODE_SIGN_ENTITLEMENTS = Runner/RunnerDebug.entitlements;
				CODE_SIGN_IDENTITY = "Apple Development";
				"CODE_SIGN_IDENTITY[sdk=iphoneos*]" = "iPhone Developer";
				CODE_SIGN_STYLE = Automatic;
				CURRENT_PROJECT_VERSION = 34958;
				DEFINES_MODULE = YES;
				DEVELOPMENT_TEAM = US9G9C67S4;
				ENABLE_BITCODE = NO;
				FRAMEWORK_SEARCH_PATHS = (
					"$(inherited)",
					"$(PROJECT_DIR)/Flutter",
				);
				GCC_INCREASE_PRECOMPILED_HEADER_SHARING = NO;
				GCC_INPUT_FILETYPE = sourcecode.cpp.objcpp;
				HEADER_SEARCH_PATHS = (
					"$(inherited)",
					"\"${PODS_CONFIGURATION_BUILD_DIR}/FMDB/FMDB.framework/Headers\"",
					"\"${PODS_CONFIGURATION_BUILD_DIR}/Reachability/Reachability.framework/Headers\"",
					"\"${PODS_CONFIGURATION_BUILD_DIR}/TOCropViewController/TOCropViewController.framework/Headers\"",
					"\"${PODS_CONFIGURATION_BUILD_DIR}/ad_plugin/ad_plugin.framework/Headers\"",
					"\"${PODS_CONFIGURATION_BUILD_DIR}/connectivity/connectivity.framework/Headers\"",
					"\"${PODS_CONFIGURATION_BUILD_DIR}/device_info/device_info.framework/Headers\"",
					"\"${PODS_CONFIGURATION_BUILD_DIR}/flutter_des/flutter_des.framework/Headers\"",
					"\"${PODS_CONFIGURATION_BUILD_DIR}/image_cropper/image_cropper.framework/Headers\"",
					"\"${PODS_CONFIGURATION_BUILD_DIR}/image_picker/image_picker.framework/Headers\"",
					"\"${PODS_CONFIGURATION_BUILD_DIR}/imei_plugin/imei_plugin.framework/Headers\"",
					"\"${PODS_CONFIGURATION_BUILD_DIR}/package_info/package_info.framework/Headers\"",
					"\"${PODS_CONFIGURATION_BUILD_DIR}/path_provider/path_provider.framework/Headers\"",
					"\"${PODS_CONFIGURATION_BUILD_DIR}/permission_handler/permission_handler.framework/Headers\"",
					"\"${PODS_CONFIGURATION_BUILD_DIR}/shared_preferences/shared_preferences.framework/Headers\"",
					"\"${PODS_CONFIGURATION_BUILD_DIR}/sqflite/sqflite.framework/Headers\"",
					"\"${PODS_CONFIGURATION_BUILD_DIR}/tflite/tflite.framework/Headers\"",
					"\"${PODS_CONFIGURATION_BUILD_DIR}/url_launcher/url_launcher.framework/Headers\"",
					"\"${PODS_CONFIGURATION_BUILD_DIR}/webview_flutter/webview_flutter.framework/Headers\"",
					"\"${PODS_ROOT}/Headers/Public\"",
					"\"${PODS_ROOT}/Headers/Public/GDTMobSDK\"",
					"\"$(SDKROOT)/usr/include/libxml2\"",
					"'${SRCROOT}/Pods/TensorFlowLite/Frameworks/tensorflow_lite.framework/Headers'",
				);
				INFOPLIST_FILE = Runner/Info.plist;
				IPHONEOS_DEPLOYMENT_TARGET = 9.0;
				LD_RUNPATH_SEARCH_PATHS = "$(inherited) @executable_path/Frameworks";
				LIBRARY_SEARCH_PATHS = (
					"$(inherited)",
					"$(PROJECT_DIR)/Flutter",
					"$(PROJECT_DIR)/lib",
				);
				MARKETING_VERSION = 2.0.735;
				OTHER_LDFLAGS = (
					"$(inherited)",
					"-framework",
					Flutter,
					"-L",
					"${SRCROOT}/Pods/TensorFlowLite/Frameworks/tensorflow_lite.framework",
					"-ObjC",
					"-l\"WeChatSDK\"",
					"-l\"c++\"",
					"-l\"mtasdk\"",
					"-l\"sqlite3\"",
					"-l\"sqlite3.0\"",
					"-l\"z\"",
					"-framework",
					"\"Accelerate\"",
					"-framework",
					"\"CoreMedia\"",
					"-framework",
					"\"CoreTelephony\"",
					"-framework",
					"\"FMDB\"",
					"-framework",
					"\"Flutter\"",
					"-framework",
					"\"QCloudCOSXML\"",
					"-framework",
					"\"QCloudCore\"",
					"-framework",
					"\"Reachability\"",
					"-framework",
					"\"SystemConfiguration\"",
					"-framework",
					"\"TOCropViewController\"",
					"-framework",
					"\"connectivity\"",
					"-framework",
					"\"device_info\"",
					"-framework",
					"\"flutter_des\"",
					"-framework",
					"\"flutter_native_image\"",
					"-framework",
					"\"flutter_webview_plugin\"",
					"-framework",
					"\"fluwx\"",
					"-framework",
					"\"image_cropper\"",
					"-framework",
					"\"image_picker\"",
					"-framework",
					"\"imei_plugin\"",
					"-framework",
					"\"orientation\"",
					"-framework",
					"\"package_info\"",
					"-framework",
					"\"path_provider\"",
					"-framework",
					"\"permission_handler\"",
					"-framework",
					"\"shared_preferences\"",
					"-framework",
					"\"sqflite\"",
					"-framework",
					"\"tencent_cos\"",
					"-framework",
					"\"tensorflow_lite\"",
					"-framework",
					"\"tflite\"",
					"-framework",
					"\"url_launcher\"",
					"-framework",
					"\"video_player\"",
					"-framework",
					"\"webview_flutter\"",
					"-force_load",
					"${SRCROOT}/Pods/TensorFlowLite/Frameworks/tensorflow_lite.framework/tensorflow_lite",
					"-all_load",
				);
				PRODUCT_BUNDLE_IDENTIFIER = com.yondor.student;
				PRODUCT_NAME = "$(TARGET_NAME)";
				PROVISIONING_PROFILE_SPECIFIER = "";
				SWIFT_INCLUDE_PATHS = "$(inherited)";
				SWIFT_OBJC_BRIDGING_HEADER = "Runner/Runner-Bridging-Header.h";
				SWIFT_OPTIMIZATION_LEVEL = "-Onone";
				SWIFT_VERSION = 4.2;
				TARGETED_DEVICE_FAMILY = "1,2";
				USER_HEADER_SEARCH_PATHS = "$(inherited) \"${PODS_ROOT}/Headers/Private\" \"${PODS_ROOT}/Headers/Private/tflite\" \"${PODS_ROOT}/Headers/Public\" \"${PODS_ROOT}/Headers/Public/Flutter\" \"${PODS_ROOT}/Headers/Public/TensorFlowLite/tensorflow_lite\" \"${PODS_ROOT}/Headers/Public/tflite\" \"${PODS_ROOT}/TensorFlowLite/Frameworks/tensorflow_lite.framework/Headers\"";
				VERSIONING_SYSTEM = "apple-generic";
			};
			name = Debug;
		};
		97C147071CF9000F007C117D /* Release */ = {
			isa = XCBuildConfiguration;
			baseConfigurationReference = 7AFA3C8E1D35360C0083082E /* Release.xcconfig */;
			buildSettings = {
				ASSETCATALOG_COMPILER_APPICON_NAME = AppIcon;
				CLANG_ADDRESS_SANITIZER_CONTAINER_OVERFLOW = NO;
				CLANG_ALLOW_NON_MODULAR_INCLUDES_IN_FRAMEWORK_MODULES = YES;
				CLANG_ENABLE_MODULES = YES;
				CODE_SIGN_ENTITLEMENTS = Runner/Runner.entitlements;
				CODE_SIGN_IDENTITY = "iPhone Developer";
				"CODE_SIGN_IDENTITY[sdk=iphoneos*]" = "iPhone Developer";
				CODE_SIGN_STYLE = Automatic;
				CURRENT_PROJECT_VERSION = 34958;
				DEFINES_MODULE = YES;
				DEVELOPMENT_TEAM = US9G9C67S4;
				ENABLE_BITCODE = NO;
				FRAMEWORK_SEARCH_PATHS = (
					"$(inherited)",
					"$(PROJECT_DIR)/Flutter",
				);
				GCC_INCREASE_PRECOMPILED_HEADER_SHARING = NO;
				GCC_INPUT_FILETYPE = sourcecode.cpp.objcpp;
				HEADER_SEARCH_PATHS = (
					"$(inherited)",
					"\"${PODS_CONFIGURATION_BUILD_DIR}/FMDB/FMDB.framework/Headers\"",
					"\"${PODS_CONFIGURATION_BUILD_DIR}/Reachability/Reachability.framework/Headers\"",
					"\"${PODS_CONFIGURATION_BUILD_DIR}/TOCropViewController/TOCropViewController.framework/Headers\"",
					"\"${PODS_CONFIGURATION_BUILD_DIR}/ad_plugin/ad_plugin.framework/Headers\"",
					"\"${PODS_CONFIGURATION_BUILD_DIR}/connectivity/connectivity.framework/Headers\"",
					"\"${PODS_CONFIGURATION_BUILD_DIR}/device_info/device_info.framework/Headers\"",
					"\"${PODS_CONFIGURATION_BUILD_DIR}/flutter_des/flutter_des.framework/Headers\"",
					"\"${PODS_CONFIGURATION_BUILD_DIR}/image_cropper/image_cropper.framework/Headers\"",
					"\"${PODS_CONFIGURATION_BUILD_DIR}/image_picker/image_picker.framework/Headers\"",
					"\"${PODS_CONFIGURATION_BUILD_DIR}/imei_plugin/imei_plugin.framework/Headers\"",
					"\"${PODS_CONFIGURATION_BUILD_DIR}/package_info/package_info.framework/Headers\"",
					"\"${PODS_CONFIGURATION_BUILD_DIR}/path_provider/path_provider.framework/Headers\"",
					"\"${PODS_CONFIGURATION_BUILD_DIR}/permission_handler/permission_handler.framework/Headers\"",
					"\"${PODS_CONFIGURATION_BUILD_DIR}/shared_preferences/shared_preferences.framework/Headers\"",
					"\"${PODS_CONFIGURATION_BUILD_DIR}/sqflite/sqflite.framework/Headers\"",
					"\"${PODS_CONFIGURATION_BUILD_DIR}/tflite/tflite.framework/Headers\"",
					"\"${PODS_CONFIGURATION_BUILD_DIR}/url_launcher/url_launcher.framework/Headers\"",
					"\"${PODS_CONFIGURATION_BUILD_DIR}/webview_flutter/webview_flutter.framework/Headers\"",
					"\"${PODS_ROOT}/Headers/Public\"",
					"\"${PODS_ROOT}/Headers/Public/GDTMobSDK\"",
					"$(SDKROOT)/usr/include/libxml2",
					"'${SRCROOT}/Pods/TensorFlowLite/Frameworks/tensorflow_lite.framework/Headers'",
				);
				INFOPLIST_FILE = Runner/Info.plist;
				IPHONEOS_DEPLOYMENT_TARGET = 9.0;
				LD_RUNPATH_SEARCH_PATHS = "$(inherited) @executable_path/Frameworks";
				LIBRARY_SEARCH_PATHS = (
					"$(inherited)",
					"$(PROJECT_DIR)/Flutter",
					"$(PROJECT_DIR)/lib",
				);
				MARKETING_VERSION = 2.0.735;
				OTHER_LDFLAGS = (
					"$(inherited)",
					"-framework",
					Flutter,
					"-L",
					"${SRCROOT}/Pods/TensorFlowLite/Frameworks/tensorflow_lite.framework",
					"-ObjC",
					"-l\"WeChatSDK\"",
					"-l\"c++\"",
					"-l\"mtasdk\"",
					"-l\"sqlite3\"",
					"-l\"sqlite3.0\"",
					"-l\"z\"",
					"-framework",
					"\"Accelerate\"",
					"-framework",
					"\"CoreMedia\"",
					"-framework",
					"\"CoreTelephony\"",
					"-framework",
					"\"FMDB\"",
					"-framework",
					"\"Flutter\"",
					"-framework",
					"\"QCloudCOSXML\"",
					"-framework",
					"\"QCloudCore\"",
					"-framework",
					"\"Reachability\"",
					"-framework",
					"\"SystemConfiguration\"",
					"-framework",
					"\"TOCropViewController\"",
					"-framework",
					"\"connectivity\"",
					"-framework",
					"\"device_info\"",
					"-framework",
					"\"flutter_des\"",
					"-framework",
					"\"flutter_native_image\"",
					"-framework",
					"\"flutter_webview_plugin\"",
					"-framework",
					"\"fluwx\"",
					"-framework",
					"\"image_cropper\"",
					"-framework",
					"\"image_picker\"",
					"-framework",
					"\"imei_plugin\"",
					"-framework",
					"\"orientation\"",
					"-framework",
					"\"package_info\"",
					"-framework",
					"\"path_provider\"",
					"-framework",
					"\"permission_handler\"",
					"-framework",
					"\"shared_preferences\"",
					"-framework",
					"\"sqflite\"",
					"-framework",
					"\"tencent_cos\"",
					"-framework",
					"\"tensorflow_lite\"",
					"-framework",
					"\"tflite\"",
					"-framework",
					"\"url_launcher\"",
					"-framework",
					"\"video_player\"",
					"-framework",
					"\"webview_flutter\"",
					"-force_load",
					"${SRCROOT}/Pods/TensorFlowLite/Frameworks/tensorflow_lite.framework/tensorflow_lite",
					"-all_load",
				);
				PRODUCT_BUNDLE_IDENTIFIER = com.yondor.student;
				PRODUCT_NAME = "$(TARGET_NAME)";
				PROVISIONING_PROFILE_SPECIFIER = "";
				SWIFT_INCLUDE_PATHS = "$(inherited)";
				SWIFT_OBJC_BRIDGING_HEADER = "Runner/Runner-Bridging-Header.h";
				SWIFT_VERSION = 4.2;
				TARGETED_DEVICE_FAMILY = "1,2";
				USER_HEADER_SEARCH_PATHS = "$(inherited) \"${PODS_ROOT}/Headers/Private\" \"${PODS_ROOT}/Headers/Private/tflite\" \"${PODS_ROOT}/Headers/Public\" \"${PODS_ROOT}/Headers/Public/Flutter\" \"${PODS_ROOT}/Headers/Public/TensorFlowLite/tensorflow_lite\" \"${PODS_ROOT}/Headers/Public/tflite\" \"${PODS_ROOT}/TensorFlowLite/Frameworks/tensorflow_lite.framework/Headers\"";
				VERSIONING_SYSTEM = "apple-generic";
			};
			name = Release;
		};
/* End XCBuildConfiguration section */

/* Begin XCConfigurationList section */
		97C146E91CF9000F007C117D /* Build configuration list for PBXProject "Runner" */ = {
			isa = XCConfigurationList;
			buildConfigurations = (
				97C147031CF9000F007C117D /* Debug */,
				97C147041CF9000F007C117D /* Release */,
				249021D3217E4FDB00AE95B9 /* Profile */,
			);
			defaultConfigurationIsVisible = 0;
			defaultConfigurationName = Release;
		};
		97C147051CF9000F007C117D /* Build configuration list for PBXNativeTarget "Runner" */ = {
			isa = XCConfigurationList;
			buildConfigurations = (
				97C147061CF9000F007C117D /* Debug */,
				97C147071CF9000F007C117D /* Release */,
				249021D4217E4FDB00AE95B9 /* Profile */,
			);
			defaultConfigurationIsVisible = 0;
			defaultConfigurationName = Release;
		};
/* End XCConfigurationList section */
	};
	rootObject = 97C146E61CF9000F007C117D /* Project object */;
}
